// !$*UTF8*$!
{
	archiveVersion = 1;
	classes = {
	};
	objectVersion = 50;
	objects = {

/* Begin PBXBuildFile section */
		2DD8F72B25CD33F400CD8E00 /* AppDelegate.swift in Sources */ = {isa = PBXBuildFile; fileRef = 2DD8F72A25CD33F400CD8E00 /* AppDelegate.swift */; };
		2DD8F72D25CD33F400CD8E00 /* SceneDelegate.swift in Sources */ = {isa = PBXBuildFile; fileRef = 2DD8F72C25CD33F400CD8E00 /* SceneDelegate.swift */; };
		2DD8F72F25CD33F400CD8E00 /* ViewController.swift in Sources */ = {isa = PBXBuildFile; fileRef = 2DD8F72E25CD33F400CD8E00 /* ViewController.swift */; };
		2DD8F73225CD33F400CD8E00 /* Main.storyboard in Resources */ = {isa = PBXBuildFile; fileRef = 2DD8F73025CD33F400CD8E00 /* Main.storyboard */; };
		2DD8F73425CD33F500CD8E00 /* Assets.xcassets in Resources */ = {isa = PBXBuildFile; fileRef = 2DD8F73325CD33F500CD8E00 /* Assets.xcassets */; };
		2DD8F73725CD33F500CD8E00 /* LaunchScreen.storyboard in Resources */ = {isa = PBXBuildFile; fileRef = 2DD8F73525CD33F500CD8E00 /* LaunchScreen.storyboard */; };
		2DD8F74225CD33F500CD8E00 /* Wish_my_friendTests.swift in Sources */ = {isa = PBXBuildFile; fileRef = 2DD8F74125CD33F500CD8E00 /* Wish_my_friendTests.swift */; };
		2DD8F74D25CD33F500CD8E00 /* Wish_my_friendUITests.swift in Sources */ = {isa = PBXBuildFile; fileRef = 2DD8F74C25CD33F500CD8E00 /* Wish_my_friendUITests.swift */; };
/* End PBXBuildFile section */

/* Begin PBXContainerItemProxy section */
		2DD8F73E25CD33F500CD8E00 /* PBXContainerItemProxy */ = {
			isa = PBXContainerItemProxy;
			containerPortal = 2DD8F71F25CD33F400CD8E00 /* Project object */;
			proxyType = 1;
			remoteGlobalIDString = 2DD8F72625CD33F400CD8E00;
			remoteInfo = "Wish my friend";
		};
		2DD8F74925CD33F500CD8E00 /* PBXContainerItemProxy */ = {
			isa = PBXContainerItemProxy;
			containerPortal = 2DD8F71F25CD33F400CD8E00 /* Project object */;
			proxyType = 1;
			remoteGlobalIDString = 2DD8F72625CD33F400CD8E00;
			remoteInfo = "Wish my friend";
		};
/* End PBXContainerItemProxy section */

/* Begin PBXFileReference section */
		2DD8F72725CD33F400CD8E00 /* Wish my friend.app */ = {isa = PBXFileReference; explicitFileType = wrapper.application; includeInIndex = 0; path = "Wish my friend.app"; sourceTree = BUILT_PRODUCTS_DIR; };
		2DD8F72A25CD33F400CD8E00 /* AppDelegate.swift */ = {isa = PBXFileReference; lastKnownFileType = sourcecode.swift; path = AppDelegate.swift; sourceTree = "<group>"; };
		2DD8F72C25CD33F400CD8E00 /* SceneDelegate.swift */ = {isa = PBXFileReference; lastKnownFileType = sourcecode.swift; path = SceneDelegate.swift; sourceTree = "<group>"; };
		2DD8F72E25CD33F400CD8E00 /* ViewController.swift */ = {isa = PBXFileReference; lastKnownFileType = sourcecode.swift; path = ViewController.swift; sourceTree = "<group>"; };
		2DD8F73125CD33F400CD8E00 /* Base */ = {isa = PBXFileReference; lastKnownFileType = file.storyboard; name = Base; path = Base.lproj/Main.storyboard; sourceTree = "<group>"; };
		2DD8F73325CD33F500CD8E00 /* Assets.xcassets */ = {isa = PBXFileReference; lastKnownFileType = folder.assetcatalog; path = Assets.xcassets; sourceTree = "<group>"; };
		2DD8F73625CD33F500CD8E00 /* Base */ = {isa = PBXFileReference; lastKnownFileType = file.storyboard; name = Base; path = Base.lproj/LaunchScreen.storyboard; sourceTree = "<group>"; };
		2DD8F73825CD33F500CD8E00 /* Info.plist */ = {isa = PBXFileReference; lastKnownFileType = text.plist.xml; path = Info.plist; sourceTree = "<group>"; };
		2DD8F73D25CD33F500CD8E00 /* Wish my friendTests.xctest */ = {isa = PBXFileReference; explicitFileType = wrapper.cfbundle; includeInIndex = 0; path = "Wish my friendTests.xctest"; sourceTree = BUILT_PRODUCTS_DIR; };
		2DD8F74125CD33F500CD8E00 /* Wish_my_friendTests.swift */ = {isa = PBXFileReference; lastKnownFileType = sourcecode.swift; path = Wish_my_friendTests.swift; sourceTree = "<group>"; };
		2DD8F74325CD33F500CD8E00 /* Info.plist */ = {isa = PBXFileReference; lastKnownFileType = text.plist.xml; path = Info.plist; sourceTree = "<group>"; };
		2DD8F74825CD33F500CD8E00 /* Wish my friendUITests.xctest */ = {isa = PBXFileReference; explicitFileType = wrapper.cfbundle; includeInIndex = 0; path = "Wish my friendUITests.xctest"; sourceTree = BUILT_PRODUCTS_DIR; };
		2DD8F74C25CD33F500CD8E00 /* Wish_my_friendUITests.swift */ = {isa = PBXFileReference; lastKnownFileType = sourcecode.swift; path = Wish_my_friendUITests.swift; sourceTree = "<group>"; };
		2DD8F74E25CD33F500CD8E00 /* Info.plist */ = {isa = PBXFileReference; lastKnownFileType = text.plist.xml; path = Info.plist; sourceTree = "<group>"; };
/* End PBXFileReference section */

/* Begin PBXFrameworksBuildPhase section */
		2DD8F72425CD33F400CD8E00 /* Frameworks */ = {
			isa = PBXFrameworksBuildPhase;
			buildActionMask = 2147483647;
			files = (
			);
			runOnlyForDeploymentPostprocessing = 0;
		};
		2DD8F73A25CD33F500CD8E00 /* Frameworks */ = {
			isa = PBXFrameworksBuildPhase;
			buildActionMask = 2147483647;
			files = (
			);
			runOnlyForDeploymentPostprocessing = 0;
		};
		2DD8F74525CD33F500CD8E00 /* Frameworks */ = {
			isa = PBXFrameworksBuildPhase;
			buildActionMask = 2147483647;
			files = (
			);
			runOnlyForDeploymentPostprocessing = 0;
		};
/* End PBXFrameworksBuildPhase section */

/* Begin PBXGroup section */
		2DD8F71E25CD33F400CD8E00 = {
			isa = PBXGroup;
			children = (
				2DD8F72925CD33F400CD8E00 /* Wish my friend */,
				2DD8F74025CD33F500CD8E00 /* Wish my friendTests */,
				2DD8F74B25CD33F500CD8E00 /* Wish my friendUITests */,
				2DD8F72825CD33F400CD8E00 /* Products */,
			);
			sourceTree = "<group>";
		};
		2DD8F72825CD33F400CD8E00 /* Products */ = {
			isa = PBXGroup;
			children = (
				2DD8F72725CD33F400CD8E00 /* Wish my friend.app */,
				2DD8F73D25CD33F500CD8E00 /* Wish my friendTests.xctest */,
				2DD8F74825CD33F500CD8E00 /* Wish my friendUITests.xctest */,
			);
			name = Products;
			sourceTree = "<group>";
		};
		2DD8F72925CD33F400CD8E00 /* Wish my friend */ = {
			isa = PBXGroup;
			children = (
				2DD8F72A25CD33F400CD8E00 /* AppDelegate.swift */,
				2DD8F72C25CD33F400CD8E00 /* SceneDelegate.swift */,
				2DD8F72E25CD33F400CD8E00 /* ViewController.swift */,
				2DD8F73025CD33F400CD8E00 /* Main.storyboard */,
				2DD8F73325CD33F500CD8E00 /* Assets.xcassets */,
				2DD8F73525CD33F500CD8E00 /* LaunchScreen.storyboard */,
				2DD8F73825CD33F500CD8E00 /* Info.plist */,
			);
			path = "Wish my friend";
			sourceTree = "<group>";
		};
		2DD8F74025CD33F500CD8E00 /* Wish my friendTests */ = {
			isa = PBXGroup;
			children = (
				2DD8F74125CD33F500CD8E00 /* Wish_my_friendTests.swift */,
				2DD8F74325CD33F500CD8E00 /* Info.plist */,
			);
			path = "Wish my friendTests";
			sourceTree = "<group>";
		};
		2DD8F74B25CD33F500CD8E00 /* Wish my friendUITests */ = {
			isa = PBXGroup;
			children = (
				2DD8F74C25CD33F500CD8E00 /* Wish_my_friendUITests.swift */,
				2DD8F74E25CD33F500CD8E00 /* Info.plist */,
			);
			path = "Wish my friendUITests";
			sourceTree = "<group>";
		};
/* End PBXGroup section */

/* Begin PBXNativeTarget section */
		2DD8F72625CD33F400CD8E00 /* Wish my friend */ = {
			isa = PBXNativeTarget;
			buildConfigurationList = 2DD8F75125CD33F500CD8E00 /* Build configuration list for PBXNativeTarget "Wish my friend" */;
			buildPhases = (
				2DD8F72325CD33F400CD8E00 /* Sources */,
				2DD8F72425CD33F400CD8E00 /* Frameworks */,
				2DD8F72525CD33F400CD8E00 /* Resources */,
			);
			buildRules = (
			);
			dependencies = (
			);
			name = "Wish my friend";
			productName = "Wish my friend";
			productReference = 2DD8F72725CD33F400CD8E00 /* Wish my friend.app */;
			productType = "com.apple.product-type.application";
		};
		2DD8F73C25CD33F500CD8E00 /* Wish my friendTests */ = {
			isa = PBXNativeTarget;
			buildConfigurationList = 2DD8F75425CD33F500CD8E00 /* Build configuration list for PBXNativeTarget "Wish my friendTests" */;
			buildPhases = (
				2DD8F73925CD33F500CD8E00 /* Sources */,
				2DD8F73A25CD33F500CD8E00 /* Frameworks */,
				2DD8F73B25CD33F500CD8E00 /* Resources */,
			);
			buildRules = (
			);
			dependencies = (
				2DD8F73F25CD33F500CD8E00 /* PBXTargetDependency */,
			);
			name = "Wish my friendTests";
			productName = "Wish my friendTests";
			productReference = 2DD8F73D25CD33F500CD8E00 /* Wish my friendTests.xctest */;
			productType = "com.apple.product-type.bundle.unit-test";
		};
		2DD8F74725CD33F500CD8E00 /* Wish my friendUITests */ = {
			isa = PBXNativeTarget;
			buildConfigurationList = 2DD8F75725CD33F500CD8E00 /* Build configuration list for PBXNativeTarget "Wish my friendUITests" */;
			buildPhases = (
				2DD8F74425CD33F500CD8E00 /* Sources */,
				2DD8F74525CD33F500CD8E00 /* Frameworks */,
				2DD8F74625CD33F500CD8E00 /* Resources */,
			);
			buildRules = (
			);
			dependencies = (
				2DD8F74A25CD33F500CD8E00 /* PBXTargetDependency */,
			);
			name = "Wish my friendUITests";
			productName = "Wish my friendUITests";
			productReference = 2DD8F74825CD33F500CD8E00 /* Wish my friendUITests.xctest */;
			productType = "com.apple.product-type.bundle.ui-testing";
		};
/* End PBXNativeTarget section */

/* Begin PBXProject section */
		2DD8F71F25CD33F400CD8E00 /* Project object */ = {
			isa = PBXProject;
			attributes = {
				LastSwiftUpdateCheck = 1240;
				LastUpgradeCheck = 1240;
				TargetAttributes = {
					2DD8F72625CD33F400CD8E00 = {
						CreatedOnToolsVersion = 12.4;
					};
					2DD8F73C25CD33F500CD8E00 = {
						CreatedOnToolsVersion = 12.4;
						TestTargetID = 2DD8F72625CD33F400CD8E00;
					};
					2DD8F74725CD33F500CD8E00 = {
						CreatedOnToolsVersion = 12.4;
						TestTargetID = 2DD8F72625CD33F400CD8E00;
					};
				};
			};
			buildConfigurationList = 2DD8F72225CD33F400CD8E00 /* Build configuration list for PBXProject "Wish my friend" */;
			compatibilityVersion = "Xcode 9.3";
			developmentRegion = en;
			hasScannedForEncodings = 0;
			knownRegions = (
				en,
				Base,
			);
			mainGroup = 2DD8F71E25CD33F400CD8E00;
			productRefGroup = 2DD8F72825CD33F400CD8E00 /* Products */;
			projectDirPath = "";
			projectRoot = "";
			targets = (
				2DD8F72625CD33F400CD8E00 /* Wish my friend */,
				2DD8F73C25CD33F500CD8E00 /* Wish my friendTests */,
				2DD8F74725CD33F500CD8E00 /* Wish my friendUITests */,
			);
		};
/* End PBXProject section */

/* Begin PBXResourcesBuildPhase section */
		2DD8F72525CD33F400CD8E00 /* Resources */ = {
			isa = PBXResourcesBuildPhase;
			buildActionMask = 2147483647;
			files = (
				2DD8F73725CD33F500CD8E00 /* LaunchScreen.storyboard in Resources */,
				2DD8F73425CD33F500CD8E00 /* Assets.xcassets in Resources */,
				2DD8F73225CD33F400CD8E00 /* Main.storyboard in Resources */,
			);
			runOnlyForDeploymentPostprocessing = 0;
		};
		2DD8F73B25CD33F500CD8E00 /* Resources */ = {
			isa = PBXResourcesBuildPhase;
			buildActionMask = 2147483647;
			files = (
			);
			runOnlyForDeploymentPostprocessing = 0;
		};
		2DD8F74625CD33F500CD8E00 /* Resources */ = {
			isa = PBXResourcesBuildPhase;
			buildActionMask = 2147483647;
			files = (
			);
			runOnlyForDeploymentPostprocessing = 0;
		};
/* End PBXResourcesBuildPhase section */

/* Begin PBXSourcesBuildPhase section */
		2DD8F72325CD33F400CD8E00 /* Sources */ = {
			isa = PBXSourcesBuildPhase;
			buildActionMask = 2147483647;
			files = (
				2DD8F72F25CD33F400CD8E00 /* ViewController.swift in Sources */,
				2DD8F72B25CD33F400CD8E00 /* AppDelegate.swift in Sources */,
				2DD8F72D25CD33F400CD8E00 /* SceneDelegate.swift in Sources */,
			);
			runOnlyForDeploymentPostprocessing = 0;
		};
		2DD8F73925CD33F500CD8E00 /* Sources */ = {
			isa = PBXSourcesBuildPhase;
			buildActionMask = 2147483647;
			files = (
				2DD8F74225CD33F500CD8E00 /* Wish_my_friendTests.swift in Sources */,
			);
			runOnlyForDeploymentPostprocessing = 0;
		};
		2DD8F74425CD33F500CD8E00 /* Sources */ = {
			isa = PBXSourcesBuildPhase;
			buildActionMask = 2147483647;
			files = (
				2DD8F74D25CD33F500CD8E00 /* Wish_my_friendUITests.swift in Sources */,
			);
			runOnlyForDeploymentPostprocessing = 0;
		};
/* End PBXSourcesBuildPhase section */

/* Begin PBXTargetDependency section */
		2DD8F73F25CD33F500CD8E00 /* PBXTargetDependency */ = {
			isa = PBXTargetDependency;
			target = 2DD8F72625CD33F400CD8E00 /* Wish my friend */;
			targetProxy = 2DD8F73E25CD33F500CD8E00 /* PBXContainerItemProxy */;
		};
		2DD8F74A25CD33F500CD8E00 /* PBXTargetDependency */ = {
			isa = PBXTargetDependency;
			target = 2DD8F72625CD33F400CD8E00 /* Wish my friend */;
			targetProxy = 2DD8F74925CD33F500CD8E00 /* PBXContainerItemProxy */;
		};
/* End PBXTargetDependency section */

/* Begin PBXVariantGroup section */
		2DD8F73025CD33F400CD8E00 /* Main.storyboard */ = {
			isa = PBXVariantGroup;
			children = (
				2DD8F73125CD33F400CD8E00 /* Base */,
			);
			name = Main.storyboard;
			sourceTree = "<group>";
		};
		2DD8F73525CD33F500CD8E00 /* LaunchScreen.storyboard */ = {
			isa = PBXVariantGroup;
			children = (
				2DD8F73625CD33F500CD8E00 /* Base */,
			);
			name = LaunchScreen.storyboard;
			sourceTree = "<group>";
		};
/* End PBXVariantGroup section */

/* Begin XCBuildConfiguration section */
		2DD8F74F25CD33F500CD8E00 /* Debug */ = {
			isa = XCBuildConfiguration;
			buildSettings = {
				ALWAYS_SEARCH_USER_PATHS = NO;
				CLANG_ANALYZER_NONNULL = YES;
				CLANG_ANALYZER_NUMBER_OBJECT_CONVERSION = YES_AGGRESSIVE;
				CLANG_CXX_LANGUAGE_STANDARD = "gnu++14";
				CLANG_CXX_LIBRARY = "libc++";
				CLANG_ENABLE_MODULES = YES;
				CLANG_ENABLE_OBJC_ARC = YES;
				CLANG_ENABLE_OBJC_WEAK = YES;
				CLANG_WARN_BLOCK_CAPTURE_AUTORELEASING = YES;
				CLANG_WARN_BOOL_CONVERSION = YES;
				CLANG_WARN_COMMA = YES;
				CLANG_WARN_CONSTANT_CONVERSION = YES;
				CLANG_WARN_DEPRECATED_OBJC_IMPLEMENTATIONS = YES;
				CLANG_WARN_DIRECT_OBJC_ISA_USAGE = YES_ERROR;
				CLANG_WARN_DOCUMENTATION_COMMENTS = YES;
				CLANG_WARN_EMPTY_BODY = YES;
				CLANG_WARN_ENUM_CONVERSION = YES;
				CLANG_WARN_INFINITE_RECURSION = YES;
				CLANG_WARN_INT_CONVERSION = YES;
				CLANG_WARN_NON_LITERAL_NULL_CONVERSION = YES;
				CLANG_WARN_OBJC_IMPLICIT_RETAIN_SELF = YES;
				CLANG_WARN_OBJC_LITERAL_CONVERSION = YES;
				CLANG_WARN_OBJC_ROOT_CLASS = YES_ERROR;
				CLANG_WARN_QUOTED_INCLUDE_IN_FRAMEWORK_HEADER = YES;
				CLANG_WARN_RANGE_LOOP_ANALYSIS = YES;
				CLANG_WARN_STRICT_PROTOTYPES = YES;
				CLANG_WARN_SUSPICIOUS_MOVE = YES;
				CLANG_WARN_UNGUARDED_AVAILABILITY = YES_AGGRESSIVE;
				CLANG_WARN_UNREACHABLE_CODE = YES;
				CLANG_WARN__DUPLICATE_METHOD_MATCH = YES;
				COPY_PHASE_STRIP = NO;
				DEBUG_INFORMATION_FORMAT = dwarf;
				ENABLE_STRICT_OBJC_MSGSEND = YES;
				ENABLE_TESTABILITY = YES;
				GCC_C_LANGUAGE_STANDARD = gnu11;
				GCC_DYNAMIC_NO_PIC = NO;
				GCC_NO_COMMON_BLOCKS = YES;
				GCC_OPTIMIZATION_LEVEL = 0;
				GCC_PREPROCESSOR_DEFINITIONS = (
					"DEBUG=1",
					"$(inherited)",
				);
				GCC_WARN_64_TO_32_BIT_CONVERSION = YES;
				GCC_WARN_ABOUT_RETURN_TYPE = YES_ERROR;
				GCC_WARN_UNDECLARED_SELECTOR = YES;
				GCC_WARN_UNINITIALIZED_AUTOS = YES_AGGRESSIVE;
				GCC_WARN_UNUSED_FUNCTION = YES;
				GCC_WARN_UNUSED_VARIABLE = YES;
				IPHONEOS_DEPLOYMENT_TARGET = 14.4;
				MTL_ENABLE_DEBUG_INFO = INCLUDE_SOURCE;
				MTL_FAST_MATH = YES;
				ONLY_ACTIVE_ARCH = YES;
				SDKROOT = iphoneos;
				SWIFT_ACTIVE_COMPILATION_CONDITIONS = DEBUG;
				SWIFT_OPTIMIZATION_LEVEL = "-Onone";
			};
			name = Debug;
		};
		2DD8F75025CD33F500CD8E00 /* Release */ = {
			isa = XCBuildConfiguration;
			buildSettings = {
				ALWAYS_SEARCH_USER_PATHS = NO;
				CLANG_ANALYZER_NONNULL = YES;
				CLANG_ANALYZER_NUMBER_OBJECT_CONVERSION = YES_AGGRESSIVE;
				CLANG_CXX_LANGUAGE_STANDARD = "gnu++14";
				CLANG_CXX_LIBRARY = "libc++";
				CLANG_ENABLE_MODULES = YES;
				CLANG_ENABLE_OBJC_ARC = YES;
				CLANG_ENABLE_OBJC_WEAK = YES;
				CLANG_WARN_BLOCK_CAPTURE_AUTORELEASING = YES;
				CLANG_WARN_BOOL_CONVERSION = YES;
				CLANG_WARN_COMMA = YES;
				CLANG_WARN_CONSTANT_CONVERSION = YES;
				CLANG_WARN_DEPRECATED_OBJC_IMPLEMENTATIONS = YES;
				CLANG_WARN_DIRECT_OBJC_ISA_USAGE = YES_ERROR;
				CLANG_WARN_DOCUMENTATION_COMMENTS = YES;
				CLANG_WARN_EMPTY_BODY = YES;
				CLANG_WARN_ENUM_CONVERSION = YES;
				CLANG_WARN_INFINITE_RECURSION = YES;
				CLANG_WARN_INT_CONVERSION = YES;
				CLANG_WARN_NON_LITERAL_NULL_CONVERSION = YES;
				CLANG_WARN_OBJC_IMPLICIT_RETAIN_SELF = YES;
				CLANG_WARN_OBJC_LITERAL_CONVERSION = YES;
				CLANG_WARN_OBJC_ROOT_CLASS = YES_ERROR;
				CLANG_WARN_QUOTED_INCLUDE_IN_FRAMEWORK_HEADER = YES;
				CLANG_WARN_RANGE_LOOP_ANALYSIS = YES;
				CLANG_WARN_STRICT_PROTOTYPES = YES;
				CLANG_WARN_SUSPICIOUS_MOVE = YES;
				CLANG_WARN_UNGUARDED_AVAILABILITY = YES_AGGRESSIVE;
				CLANG_WARN_UNREACHABLE_CODE = YES;
				CLANG_WARN__DUPLICATE_METHOD_MATCH = YES;
				COPY_PHASE_STRIP = NO;
				DEBUG_INFORMATION_FORMAT = "dwarf-with-dsym";
				ENABLE_NS_ASSERTIONS = NO;
				ENABLE_STRICT_OBJC_MSGSEND = YES;
				GCC_C_LANGUAGE_STANDARD = gnu11;
				GCC_NO_COMMON_BLOCKS = YES;
				GCC_WARN_64_TO_32_BIT_CONVERSION = YES;
				GCC_WARN_ABOUT_RETURN_TYPE = YES_ERROR;
				GCC_WARN_UNDECLARED_SELECTOR = YES;
				GCC_WARN_UNINITIALIZED_AUTOS = YES_AGGRESSIVE;
				GCC_WARN_UNUSED_FUNCTION = YES;
				GCC_WARN_UNUSED_VARIABLE = YES;
				IPHONEOS_DEPLOYMENT_TARGET = 14.4;
				MTL_ENABLE_DEBUG_INFO = NO;
				MTL_FAST_MATH = YES;
				SDKROOT = iphoneos;
				SWIFT_COMPILATION_MODE = wholemodule;
				SWIFT_OPTIMIZATION_LEVEL = "-O";
				VALIDATE_PRODUCT = YES;
			};
			name = Release;
		};
		2DD8F75225CD33F500CD8E00 /* Debug */ = {
			isa = XCBuildConfiguration;
			buildSettings = {
				ASSETCATALOG_COMPILER_APPICON_NAME = AppIcon;
				ASSETCATALOG_COMPILER_GLOBAL_ACCENT_COLOR_NAME = AccentColor;
				CODE_SIGN_STYLE = Automatic;
				INFOPLIST_FILE = "Wish my friend/Info.plist";
				LD_RUNPATH_SEARCH_PATHS = (
					"$(inherited)",
					"@executable_path/Frameworks",
				);
				PRODUCT_BUNDLE_IDENTIFIER = "bosch.Wish-my-friend";
				PRODUCT_NAME = "$(TARGET_NAME)";
				SWIFT_VERSION = 5.0;
				TARGETED_DEVICE_FAMILY = "1,2";
			};
			name = Debug;
		};
		2DD8F75325CD33F500CD8E00 /* Release */ = {
			isa = XCBuildConfiguration;
			buildSettings = {
				ASSETCATALOG_COMPILER_APPICON_NAME = AppIcon;
				ASSETCATALOG_COMPILER_GLOBAL_ACCENT_COLOR_NAME = AccentColor;
				CODE_SIGN_STYLE = Automatic;
				INFOPLIST_FILE = "Wish my friend/Info.plist";
				LD_RUNPATH_SEARCH_PATHS = (
					"$(inherited)",
					"@executable_path/Frameworks",
				);
				PRODUCT_BUNDLE_IDENTIFIER = "bosch.Wish-my-friend";
				PRODUCT_NAME = "$(TARGET_NAME)";
				SWIFT_VERSION = 5.0;
				TARGETED_DEVICE_FAMILY = "1,2";
			};
			name = Release;
		};
		2DD8F75525CD33F500CD8E00 /* Debug */ = {
			isa = XCBuildConfiguration;
			buildSettings = {
				ALWAYS_EMBED_SWIFT_STANDARD_LIBRARIES = YES;
				BUNDLE_LOADER = "$(TEST_HOST)";
				CODE_SIGN_STYLE = Automatic;
				INFOPLIST_FILE = "Wish my friendTests/Info.plist";
				IPHONEOS_DEPLOYMENT_TARGET = 14.4;
				LD_RUNPATH_SEARCH_PATHS = (
					"$(inherited)",
					"@executable_path/Frameworks",
					"@loader_path/Frameworks",
				);
				PRODUCT_BUNDLE_IDENTIFIER = "bosch.Wish-my-friendTests";
				PRODUCT_NAME = "$(TARGET_NAME)";
				SWIFT_VERSION = 5.0;
				TARGETED_DEVICE_FAMILY = "1,2";
				TEST_HOST = "$(BUILT_PRODUCTS_DIR)/Wish my friend.app/Wish my friend";
			};
			name = Debug;
		};
		2DD8F75625CD33F500CD8E00 /* Release */ = {
			isa = XCBuildConfiguration;
			buildSettings = {
				ALWAYS_EMBED_SWIFT_STANDARD_LIBRARIES = YES;
				BUNDLE_LOADER = "$(TEST_HOST)";
				CODE_SIGN_STYLE = Automatic;
				INFOPLIST_FILE = "Wish my friendTests/Info.plist";
				IPHONEOS_DEPLOYMENT_TARGET = 14.4;
				LD_RUNPATH_SEARCH_PATHS = (
					"$(inherited)",
					"@executable_path/Frameworks",
					"@loader_path/Frameworks",
				);
				PRODUCT_BUNDLE_IDENTIFIER = "bosch.Wish-my-friendTests";
				PRODUCT_NAME = "$(TARGET_NAME)";
				SWIFT_VERSION = 5.0;
				TARGETED_DEVICE_FAMILY = "1,2";
				TEST_HOST = "$(BUILT_PRODUCTS_DIR)/Wish my friend.app/Wish my friend";
			};
			name = Release;
		};
		2DD8F75825CD33F500CD8E00 /* Debug */ = {
			isa = XCBuildConfiguration;
			buildSettings = {
				ALWAYS_EMBED_SWIFT_STANDARD_LIBRARIES = YES;
				CODE_SIGN_STYLE = Automatic;
				INFOPLIST_FILE = "Wish my friendUITests/Info.plist";
				LD_RUNPATH_SEARCH_PATHS = (
					"$(inherited)",
					"@executable_path/Frameworks",
					"@loader_path/Frameworks",
				);
				PRODUCT_BUNDLE_IDENTIFIER = "bosch.Wish-my-friendUITests";
				PRODUCT_NAME = "$(TARGET_NAME)";
				SWIFT_VERSION = 5.0;
				TARGETED_DEVICE_FAMILY = "1,2";
				TEST_TARGET_NAME = "Wish my friend";
			};
			name = Debug;
		};
		2DD8F75925CD33F500CD8E00 /* Release */ = {
			isa = XCBuildConfiguration;
			buildSettings = {
				ALWAYS_EMBED_SWIFT_STANDARD_LIBRARIES = YES;
				CODE_SIGN_STYLE = Automatic;
				INFOPLIST_FILE = "Wish my friendUITests/Info.plist";
				LD_RUNPATH_SEARCH_PATHS = (
					"$(inherited)",
					"@executable_path/Frameworks",
					"@loader_path/Frameworks",
				);
				PRODUCT_BUNDLE_IDENTIFIER = "bosch.Wish-my-friendUITests";
				PRODUCT_NAME = "$(TARGET_NAME)";
				SWIFT_VERSION = 5.0;
				TARGETED_DEVICE_FAMILY = "1,2";
				TEST_TARGET_NAME = "Wish my friend";
			};
			name = Release;
		};
/* End XCBuildConfiguration section */

/* Begin XCConfigurationList section */
		2DD8F72225CD33F400CD8E00 /* Build configuration list for PBXProject "Wish my friend" */ = {
			isa = XCConfigurationList;
			buildConfigurations = (
				2DD8F74F25CD33F500CD8E00 /* Debug */,
				2DD8F75025CD33F500CD8E00 /* Release */,
			);
			defaultConfigurationIsVisible = 0;
			defaultConfigurationName = Release;
		};
		2DD8F75125CD33F500CD8E00 /* Build configuration list for PBXNativeTarget "Wish my friend" */ = {
			isa = XCConfigurationList;
			buildConfigurations = (
				2DD8F75225CD33F500CD8E00 /* Debug */,
				2DD8F75325CD33F500CD8E00 /* Release */,
			);
			defaultConfigurationIsVisible = 0;
			defaultConfigurationName = Release;
		};
		2DD8F75425CD33F500CD8E00 /* Build configuration list for PBXNativeTarget "Wish my friendTests" */ = {
			isa = XCConfigurationList;
			buildConfigurations = (
				2DD8F75525CD33F500CD8E00 /* Debug */,
				2DD8F75625CD33F500CD8E00 /* Release */,
			);
			defaultConfigurationIsVisible = 0;
			defaultConfigurationName = Release;
		};
		2DD8F75725CD33F500CD8E00 /* Build configuration list for PBXNativeTarget "Wish my friendUITests" */ = {
			isa = XCConfigurationList;
			buildConfigurations = (
				2DD8F75825CD33F500CD8E00 /* Debug */,
				2DD8F75925CD33F500CD8E00 /* Release */,
			);
			defaultConfigurationIsVisible = 0;
			defaultConfigurationName = Release;
		};
/* End XCConfigurationList section */
	};
	rootObject = 2DD8F71F25CD33F400CD8E00 /* Project object */;
}
